
Microsoft Visual Studio Solution File, Format Version 12.00
# Visual Studio 14
VisualStudioVersion = 14.0.23107.0
MinimumVisualStudioVersion = 10.0.40219.1
Project("{FAE04EC0-301F-11D3-BF4B-00C04F79EFBC}") = "CSF1Homework", "CSF1Homework\CSF1Homework.csproj", "{BDA09D13-8E8C-437E-BFC5-33C1E8425EFD}"
EndProject
Global
	GlobalSection(SolutionConfigurationPlatforms) = preSolution
		Debug|Any CPU = Debug|Any CPU
		Release|Any CPU = Release|Any CPU
	EndGlobalSection
	GlobalSection(ProjectConfigurationPlatforms) = postSolution
		{BDA09D13-8E8C-437E-BFC5-33C1E8425EFD}.Debug|Any CPU.ActiveCfg = Debug|Any CPU
		{BDA09D13-8E8C-437E-BFC5-33C1E8425EFD}.Debug|Any CPU.Build.0 = Debug|Any CPU
		{BDA09D13-8E8C-437E-BFC5-33C1E8425EFD}.Release|Any CPU.ActiveCfg = Release|Any CPU
		{BDA09D13-8E8C-437E-BFC5-33C1E8425EFD}.Release|Any CPU.Build.0 = Release|Any CPU
	EndGlobalSection
	GlobalSection(SolutionProperties) = preSolution
		HideSolutionNode = FALSE
	EndGlobalSection
EndGlobal
